
Microsoft Visual Studio Solution File, Format Version 12.00
# Visual Studio Version 17
VisualStudioVersion = 17.11.35327.3
MinimumVisualStudioVersion = 10.0.40219.1
Project("{FAE04EC0-301F-11D3-BF4B-00C04F79EFBC}") = "ENSEKTask", "ENSEKTask\ENSEKTask.csproj", "{30943BCE-C05F-442B-9A65-E96A4417B1D7}"
EndProject
Project("{FAE04EC0-301F-11D3-BF4B-00C04F79EFBC}") = "ENSEKClient", "ENSEKClient\ENSEKClient.csproj", "{E8DC03CD-6123-461C-8286-D77244FD2791}"
EndProject
Global
	GlobalSection(SolutionConfigurationPlatforms) = preSolution
		Debug|Any CPU = Debug|Any CPU
		Release|Any CPU = Release|Any CPU
	EndGlobalSection
	GlobalSection(ProjectConfigurationPlatforms) = postSolution
		{30943BCE-C05F-442B-9A65-E96A4417B1D7}.Debug|Any CPU.ActiveCfg = Debug|Any CPU
		{30943BCE-C05F-442B-9A65-E96A4417B1D7}.Debug|Any CPU.Build.0 = Debug|Any CPU
		{30943BCE-C05F-442B-9A65-E96A4417B1D7}.Release|Any CPU.ActiveCfg = Release|Any CPU
		{30943BCE-C05F-442B-9A65-E96A4417B1D7}.Release|Any CPU.Build.0 = Release|Any CPU
		{E8DC03CD-6123-461C-8286-D77244FD2791}.Debug|Any CPU.ActiveCfg = Debug|Any CPU
		{E8DC03CD-6123-461C-8286-D77244FD2791}.Debug|Any CPU.Build.0 = Debug|Any CPU
		{E8DC03CD-6123-461C-8286-D77244FD2791}.Release|Any CPU.ActiveCfg = Release|Any CPU
		{E8DC03CD-6123-461C-8286-D77244FD2791}.Release|Any CPU.Build.0 = Release|Any CPU
	EndGlobalSection
	GlobalSection(SolutionProperties) = preSolution
		HideSolutionNode = FALSE
	EndGlobalSection
	GlobalSection(ExtensibilityGlobals) = postSolution
		SolutionGuid = {A5B837DE-124D-4AE2-926D-EC4FF6D73457}
	EndGlobalSection
EndGlobal
